
Microsoft Visual Studio Solution File, Format Version 12.00
# Visual Studio 15
Project("{FAE04EC0-301F-11D3-BF4B-00C04F79EFBC}") = "Meryel.CodeAssist.Editor", "Meryel.CodeAssist.Editor.csproj", "{5E758560-671F-573A-3417-461C47004F19}"
EndProject
Project("{FAE04EC0-301F-11D3-BF4B-00C04F79EFBC}") = "Assembly-CSharp", "Assembly-CSharp.csproj", "{E9871DB9-ABE8-737F-A192-D0EEAA30A45A}"
EndProject
Project("{FAE04EC0-301F-11D3-BF4B-00C04F79EFBC}") = "Assembly-CSharp-Editor", "Assembly-CSharp-Editor.csproj", "{75024EC8-AA88-B299-D860-D88287E25628}"
EndProject
Global
	GlobalSection(SolutionConfigurationPlatforms) = preSolution
		Debug|Any CPU = Debug|Any CPU
		Release|Any CPU = Release|Any CPU
	EndGlobalSection
	GlobalSection(ProjectConfigurationPlatforms) = postSolution
		{5E758560-671F-573A-3417-461C47004F19}.Debug|Any CPU.ActiveCfg = Debug|Any CPU
		{5E758560-671F-573A-3417-461C47004F19}.Debug|Any CPU.Build.0 = Debug|Any CPU
		{5E758560-671F-573A-3417-461C47004F19}.Release|Any CPU.ActiveCfg = Release|Any CPU
		{5E758560-671F-573A-3417-461C47004F19}.Release|Any CPU.Build.0 = Release|Any CPU
		{E9871DB9-ABE8-737F-A192-D0EEAA30A45A}.Debug|Any CPU.ActiveCfg = Debug|Any CPU
		{E9871DB9-ABE8-737F-A192-D0EEAA30A45A}.Debug|Any CPU.Build.0 = Debug|Any CPU
		{E9871DB9-ABE8-737F-A192-D0EEAA30A45A}.Release|Any CPU.ActiveCfg = Release|Any CPU
		{E9871DB9-ABE8-737F-A192-D0EEAA30A45A}.Release|Any CPU.Build.0 = Release|Any CPU
		{75024EC8-AA88-B299-D860-D88287E25628}.Debug|Any CPU.ActiveCfg = Debug|Any CPU
		{75024EC8-AA88-B299-D860-D88287E25628}.Debug|Any CPU.Build.0 = Debug|Any CPU
		{75024EC8-AA88-B299-D860-D88287E25628}.Release|Any CPU.ActiveCfg = Release|Any CPU
		{75024EC8-AA88-B299-D860-D88287E25628}.Release|Any CPU.Build.0 = Release|Any CPU
	EndGlobalSection
	GlobalSection(SolutionProperties) = preSolution
		HideSolutionNode = FALSE
	EndGlobalSection
EndGlobal
